// !$*UTF8*$!
{
	archiveVersion = 1;
	classes = {
	};
	objectVersion = 46;
	objects = {

/* Begin PBXBuildFile section */
		85E450FB1AEFC84F00A44460 /* main.cpp in Sources */ = {isa = PBXBuildFile; fileRef = 85E450FA1AEFC84F00A44460 /* main.cpp */; };
		85E451031AEFC8E300A44460 /* myo.framework in Frameworks */ = {isa = PBXBuildFile; fileRef = 85E451021AEFC8E300A44460 /* myo.framework */; };
/* End PBXBuildFile section */

/* Begin PBXCopyFilesBuildPhase section */
		85E450F51AEFC84F00A44460 /* CopyFiles */ = {
			isa = PBXCopyFilesBuildPhase;
			buildActionMask = 12;
			dstPath = "";
			dstSubfolderSpec = 16;
			files = (
			);
			runOnlyForDeploymentPostprocessing = 0;
		};
/* End PBXCopyFilesBuildPhase section */

/* Begin PBXFileReference section */
		85E450F71AEFC84F00A44460 /* Myo Data Capture */ = {isa = PBXFileReference; includeInIndex = 0; lastKnownFileType = "compiled.mach-o.executable"; path = "Myo Data Capture"; sourceTree = BUILT_PRODUCTS_DIR; };
		85E450FA1AEFC84F00A44460 /* main.cpp */ = {isa = PBXFileReference; lastKnownFileType = sourcecode.cpp.cpp; path = main.cpp; sourceTree = "<group>"; };
		85E451021AEFC8E300A44460 /* myo.framework */ = {isa = PBXFileReference; lastKnownFileType = wrapper.framework; path = myo.framework; sourceTree = "<group>"; };
/* End PBXFileReference section */

/* Begin PBXFrameworksBuildPhase section */
		85E450F41AEFC84F00A44460 /* Frameworks */ = {
			isa = PBXFrameworksBuildPhase;
			buildActionMask = 2147483647;
			files = (
				85E451031AEFC8E300A44460 /* myo.framework in Frameworks */,
			);
			runOnlyForDeploymentPostprocessing = 0;
		};
/* End PBXFrameworksBuildPhase section */

/* Begin PBXGroup section */
		85E450EE1AEFC84F00A44460 = {
			isa = PBXGroup;
			children = (
				85E451011AEFC8A300A44460 /* Frameworks */,
				85E450F91AEFC84F00A44460 /* Myo Data Capture */,
				85E450F81AEFC84F00A44460 /* Products */,
			);
			sourceTree = "<group>";
		};
		85E450F81AEFC84F00A44460 /* Products */ = {
			isa = PBXGroup;
			children = (
				85E450F71AEFC84F00A44460 /* Myo Data Capture */,
			);
			name = Products;
			sourceTree = "<group>";
		};
		85E450F91AEFC84F00A44460 /* Myo Data Capture */ = {
			isa = PBXGroup;
			children = (
				85E450FA1AEFC84F00A44460 /* main.cpp */,
			);
			path = "Myo Data Capture";
			sourceTree = "<group>";
		};
		85E451011AEFC8A300A44460 /* Frameworks */ = {
			isa = PBXGroup;
			children = (
				85E451021AEFC8E300A44460 /* myo.framework */,
			);
			name = Frameworks;
			sourceTree = "<group>";
		};
/* End PBXGroup section */

/* Begin PBXNativeTarget section */
		85E450F61AEFC84F00A44460 /* Myo Data Capture */ = {
			isa = PBXNativeTarget;
			buildConfigurationList = 85E450FE1AEFC84F00A44460 /* Build configuration list for PBXNativeTarget "Myo Data Capture" */;
			buildPhases = (
				85E450F31AEFC84F00A44460 /* Sources */,
				85E450F41AEFC84F00A44460 /* Frameworks */,
				85E450F51AEFC84F00A44460 /* CopyFiles */,
			);
			buildRules = (
			);
			dependencies = (
			);
			name = "Myo Data Capture";
			productName = "Myo Data Capture";
			productReference = 85E450F71AEFC84F00A44460 /* Myo Data Capture */;
			productType = "com.apple.product-type.tool";
		};
/* End PBXNativeTarget section */

/* Begin PBXProject section */
		85E450EF1AEFC84F00A44460 /* Project object */ = {
			isa = PBXProject;
			attributes = {
				LastUpgradeCheck = 0620;
				ORGANIZATIONNAME = "Rodrigo Araujo";
				TargetAttributes = {
					85E450F61AEFC84F00A44460 = {
						CreatedOnToolsVersion = 6.2;
					};
				};
			};
			buildConfigurationList = 85E450F21AEFC84F00A44460 /* Build configuration list for PBXProject "Myo Data Capture" */;
			compatibilityVersion = "Xcode 3.2";
			developmentRegion = English;
			hasScannedForEncodings = 0;
			knownRegions = (
				en,
			);
			mainGroup = 85E450EE1AEFC84F00A44460;
			productRefGroup = 85E450F81AEFC84F00A44460 /* Products */;
			projectDirPath = "";
			projectRoot = "";
			targets = (
				85E450F61AEFC84F00A44460 /* Myo Data Capture */,
			);
		};
/* End PBXProject section */

/* Begin PBXSourcesBuildPhase section */
		85E450F31AEFC84F00A44460 /* Sources */ = {
			isa = PBXSourcesBuildPhase;
			buildActionMask = 2147483647;
			files = (
				85E450FB1AEFC84F00A44460 /* main.cpp in Sources */,
			);
			runOnlyForDeploymentPostprocessing = 0;
		};
/* End PBXSourcesBuildPhase section */

/* Begin XCBuildConfiguration section */
		85E450FC1AEFC84F00A44460 /* Debug */ = {
			isa = XCBuildConfiguration;
			buildSettings = {
				ALWAYS_SEARCH_USER_PATHS = NO;
				CLANG_CXX_LANGUAGE_STANDARD = "gnu++0x";
				CLANG_CXX_LIBRARY = "libc++";
				CLANG_ENABLE_MODULES = YES;
				CLANG_ENABLE_OBJC_ARC = YES;
				CLANG_WARN_BOOL_CONVERSION = YES;
				CLANG_WARN_CONSTANT_CONVERSION = YES;
				CLANG_WARN_DIRECT_OBJC_ISA_USAGE = YES_ERROR;
				CLANG_WARN_EMPTY_BODY = YES;
				CLANG_WARN_ENUM_CONVERSION = YES;
				CLANG_WARN_INT_CONVERSION = YES;
				CLANG_WARN_OBJC_ROOT_CLASS = YES_ERROR;
				CLANG_WARN_UNREACHABLE_CODE = YES;
				CLANG_WARN__DUPLICATE_METHOD_MATCH = YES;
				COPY_PHASE_STRIP = NO;
				ENABLE_STRICT_OBJC_MSGSEND = YES;
				GCC_C_LANGUAGE_STANDARD = gnu99;
				GCC_DYNAMIC_NO_PIC = NO;
				GCC_OPTIMIZATION_LEVEL = 0;
				GCC_PREPROCESSOR_DEFINITIONS = (
					"DEBUG=1",
					"$(inherited)",
				);
				GCC_SYMBOLS_PRIVATE_EXTERN = NO;
				GCC_WARN_64_TO_32_BIT_CONVERSION = YES;
				GCC_WARN_ABOUT_RETURN_TYPE = YES_ERROR;
				GCC_WARN_UNDECLARED_SELECTOR = YES;
				GCC_WARN_UNINITIALIZED_AUTOS = YES_AGGRESSIVE;
				GCC_WARN_UNUSED_FUNCTION = YES;
				GCC_WARN_UNUSED_VARIABLE = YES;
				MACOSX_DEPLOYMENT_TARGET = 10.9;
				MTL_ENABLE_DEBUG_INFO = YES;
				ONLY_ACTIVE_ARCH = YES;
				SDKROOT = macosx;
			};
			name = Debug;
		};
		85E450FD1AEFC84F00A44460 /* Release */ = {
			isa = XCBuildConfiguration;
			buildSettings = {
				ALWAYS_SEARCH_USER_PATHS = NO;
				CLANG_CXX_LANGUAGE_STANDARD = "gnu++0x";
				CLANG_CXX_LIBRARY = "libc++";
				CLANG_ENABLE_MODULES = YES;
				CLANG_ENABLE_OBJC_ARC = YES;
				CLANG_WARN_BOOL_CONVERSION = YES;
				CLANG_WARN_CONSTANT_CONVERSION = YES;
				CLANG_WARN_DIRECT_OBJC_ISA_USAGE = YES_ERROR;
				CLANG_WARN_EMPTY_BODY = YES;
				CLANG_WARN_ENUM_CONVERSION = YES;
				CLANG_WARN_INT_CONVERSION = YES;
				CLANG_WARN_OBJC_ROOT_CLASS = YES_ERROR;
				CLANG_WARN_UNREACHABLE_CODE = YES;
				CLANG_WARN__DUPLICATE_METHOD_MATCH = YES;
				COPY_PHASE_STRIP = NO;
				DEBUG_INFORMATION_FORMAT = "dwarf-with-dsym";
				ENABLE_NS_ASSERTIONS = NO;
				ENABLE_STRICT_OBJC_MSGSEND = YES;
				GCC_C_LANGUAGE_STANDARD = gnu99;
				GCC_WARN_64_TO_32_BIT_CONVERSION = YES;
				GCC_WARN_ABOUT_RETURN_TYPE = YES_ERROR;
				GCC_WARN_UNDECLARED_SELECTOR = YES;
				GCC_WARN_UNINITIALIZED_AUTOS = YES_AGGRESSIVE;
				GCC_WARN_UNUSED_FUNCTION = YES;
				GCC_WARN_UNUSED_VARIABLE = YES;
				MACOSX_DEPLOYMENT_TARGET = 10.9;
				MTL_ENABLE_DEBUG_INFO = NO;
				SDKROOT = macosx;
			};
			name = Release;
		};
		85E450FF1AEFC84F00A44460 /* Debug */ = {
			isa = XCBuildConfiguration;
			buildSettings = {
				FRAMEWORK_SEARCH_PATHS = (
					"$(inherited)",
					"$(PROJECT_DIR)",
				);
				LD_RUNPATH_SEARCH_PATHS = "@loader_path";
				PRODUCT_NAME = "$(TARGET_NAME)";
			};
			name = Debug;
		};
		85E451001AEFC84F00A44460 /* Release */ = {
			isa = XCBuildConfiguration;
			buildSettings = {
				FRAMEWORK_SEARCH_PATHS = (
					"$(inherited)",
					"$(PROJECT_DIR)",
				);
				LD_RUNPATH_SEARCH_PATHS = "@loader_path";
				PRODUCT_NAME = "$(TARGET_NAME)";
			};
			name = Release;
		};
/* End XCBuildConfiguration section */

/* Begin XCConfigurationList section */
		85E450F21AEFC84F00A44460 /* Build configuration list for PBXProject "Myo Data Capture" */ = {
			isa = XCConfigurationList;
			buildConfigurations = (
				85E450FC1AEFC84F00A44460 /* Debug */,
				85E450FD1AEFC84F00A44460 /* Release */,
			);
			defaultConfigurationIsVisible = 0;
			defaultConfigurationName = Release;
		};
		85E450FE1AEFC84F00A44460 /* Build configuration list for PBXNativeTarget "Myo Data Capture" */ = {
			isa = XCConfigurationList;
			buildConfigurations = (
				85E450FF1AEFC84F00A44460 /* Debug */,
				85E451001AEFC84F00A44460 /* Release */,
			);
			defaultConfigurationIsVisible = 0;
			defaultConfigurationName = Release;
		};
/* End XCConfigurationList section */
	};
	rootObject = 85E450EF1AEFC84F00A44460 /* Project object */;
}
